
Microsoft Visual Studio Solution File, Format Version 12.00
# Visual Studio Version 17
VisualStudioVersion = 17.4.33205.214
MinimumVisualStudioVersion = 10.0.40219.1
Project("{9A19103F-16F7-4668-BE54-9A1E7A4F7556}") = "TestGildedRose", "TestGildedRose\TestGildedRose.csproj", "{10335AEB-0829-44B7-886C-07A5E72121C4}"
EndProject
Project("{FAE04EC0-301F-11D3-BF4B-00C04F79EFBC}") = "GildedRose", "GildedRose\GildedRose.csproj", "{FC6DF5DD-FD63-4E3A-91EE-17ED3DD0E2BC}"
EndProject
Global
	GlobalSection(SolutionConfigurationPlatforms) = preSolution
		Debug|Any CPU = Debug|Any CPU
		Release|Any CPU = Release|Any CPU
	EndGlobalSection
	GlobalSection(ProjectConfigurationPlatforms) = postSolution
		{10335AEB-0829-44B7-886C-07A5E72121C4}.Debug|Any CPU.ActiveCfg = Debug|Any CPU
		{10335AEB-0829-44B7-886C-07A5E72121C4}.Debug|Any CPU.Build.0 = Debug|Any CPU
		{10335AEB-0829-44B7-886C-07A5E72121C4}.Release|Any CPU.ActiveCfg = Release|Any CPU
		{10335AEB-0829-44B7-886C-07A5E72121C4}.Release|Any CPU.Build.0 = Release|Any CPU
		{FC6DF5DD-FD63-4E3A-91EE-17ED3DD0E2BC}.Debug|Any CPU.ActiveCfg = Debug|Any CPU
		{FC6DF5DD-FD63-4E3A-91EE-17ED3DD0E2BC}.Debug|Any CPU.Build.0 = Debug|Any CPU
		{FC6DF5DD-FD63-4E3A-91EE-17ED3DD0E2BC}.Release|Any CPU.ActiveCfg = Release|Any CPU
		{FC6DF5DD-FD63-4E3A-91EE-17ED3DD0E2BC}.Release|Any CPU.Build.0 = Release|Any CPU
	EndGlobalSection
	GlobalSection(SolutionProperties) = preSolution
		HideSolutionNode = FALSE
	EndGlobalSection
	GlobalSection(ExtensibilityGlobals) = postSolution
		SolutionGuid = {7E0098E4-AB66-4EB7-8ABF-2AB6808C49FF}
	EndGlobalSection
EndGlobal
